
Microsoft Visual Studio Solution File, Format Version 12.00
# Visual Studio 15
VisualStudioVersion = 15.0.26124.0
MinimumVisualStudioVersion = 15.0.26124.0
Project("{FAE04EC0-301F-11D3-BF4B-00C04F79EFBC}") = "Domain", "Domain\Domain.csproj", "{9FBAFABF-6234-4C50-BB73-B457E13B1508}"
EndProject
Project("{FAE04EC0-301F-11D3-BF4B-00C04F79EFBC}") = "Application", "Application\Application.csproj", "{02C9474A-C620-469C-8229-82531AE49E28}"
EndProject
Project("{FAE04EC0-301F-11D3-BF4B-00C04F79EFBC}") = "Persistence", "Persistence\Persistence.csproj", "{44148389-B17A-4028-8C5C-E73F810EE2B9}"
EndProject
Project("{FAE04EC0-301F-11D3-BF4B-00C04F79EFBC}") = "API", "API\API.csproj", "{8FF1F6ED-5F35-4921-8ADF-6F8712BAA815}"
EndProject
Global
	GlobalSection(SolutionConfigurationPlatforms) = preSolution
		Debug|Any CPU = Debug|Any CPU
		Debug|x64 = Debug|x64
		Debug|x86 = Debug|x86
		Release|Any CPU = Release|Any CPU
		Release|x64 = Release|x64
		Release|x86 = Release|x86
	EndGlobalSection
	GlobalSection(SolutionProperties) = preSolution
		HideSolutionNode = FALSE
	EndGlobalSection
	GlobalSection(ProjectConfigurationPlatforms) = postSolution
		{9FBAFABF-6234-4C50-BB73-B457E13B1508}.Debug|Any CPU.ActiveCfg = Debug|Any CPU
		{9FBAFABF-6234-4C50-BB73-B457E13B1508}.Debug|Any CPU.Build.0 = Debug|Any CPU
		{9FBAFABF-6234-4C50-BB73-B457E13B1508}.Debug|x64.ActiveCfg = Debug|Any CPU
		{9FBAFABF-6234-4C50-BB73-B457E13B1508}.Debug|x64.Build.0 = Debug|Any CPU
		{9FBAFABF-6234-4C50-BB73-B457E13B1508}.Debug|x86.ActiveCfg = Debug|Any CPU
		{9FBAFABF-6234-4C50-BB73-B457E13B1508}.Debug|x86.Build.0 = Debug|Any CPU
		{9FBAFABF-6234-4C50-BB73-B457E13B1508}.Release|Any CPU.ActiveCfg = Release|Any CPU
		{9FBAFABF-6234-4C50-BB73-B457E13B1508}.Release|Any CPU.Build.0 = Release|Any CPU
		{9FBAFABF-6234-4C50-BB73-B457E13B1508}.Release|x64.ActiveCfg = Release|Any CPU
		{9FBAFABF-6234-4C50-BB73-B457E13B1508}.Release|x64.Build.0 = Release|Any CPU
		{9FBAFABF-6234-4C50-BB73-B457E13B1508}.Release|x86.ActiveCfg = Release|Any CPU
		{9FBAFABF-6234-4C50-BB73-B457E13B1508}.Release|x86.Build.0 = Release|Any CPU
		{02C9474A-C620-469C-8229-82531AE49E28}.Debug|Any CPU.ActiveCfg = Debug|Any CPU
		{02C9474A-C620-469C-8229-82531AE49E28}.Debug|Any CPU.Build.0 = Debug|Any CPU
		{02C9474A-C620-469C-8229-82531AE49E28}.Debug|x64.ActiveCfg = Debug|Any CPU
		{02C9474A-C620-469C-8229-82531AE49E28}.Debug|x64.Build.0 = Debug|Any CPU
		{02C9474A-C620-469C-8229-82531AE49E28}.Debug|x86.ActiveCfg = Debug|Any CPU
		{02C9474A-C620-469C-8229-82531AE49E28}.Debug|x86.Build.0 = Debug|Any CPU
		{02C9474A-C620-469C-8229-82531AE49E28}.Release|Any CPU.ActiveCfg = Release|Any CPU
		{02C9474A-C620-469C-8229-82531AE49E28}.Release|Any CPU.Build.0 = Release|Any CPU
		{02C9474A-C620-469C-8229-82531AE49E28}.Release|x64.ActiveCfg = Release|Any CPU
		{02C9474A-C620-469C-8229-82531AE49E28}.Release|x64.Build.0 = Release|Any CPU
		{02C9474A-C620-469C-8229-82531AE49E28}.Release|x86.ActiveCfg = Release|Any CPU
		{02C9474A-C620-469C-8229-82531AE49E28}.Release|x86.Build.0 = Release|Any CPU
		{44148389-B17A-4028-8C5C-E73F810EE2B9}.Debug|Any CPU.ActiveCfg = Debug|Any CPU
		{44148389-B17A-4028-8C5C-E73F810EE2B9}.Debug|Any CPU.Build.0 = Debug|Any CPU
		{44148389-B17A-4028-8C5C-E73F810EE2B9}.Debug|x64.ActiveCfg = Debug|Any CPU
		{44148389-B17A-4028-8C5C-E73F810EE2B9}.Debug|x64.Build.0 = Debug|Any CPU
		{44148389-B17A-4028-8C5C-E73F810EE2B9}.Debug|x86.ActiveCfg = Debug|Any CPU
		{44148389-B17A-4028-8C5C-E73F810EE2B9}.Debug|x86.Build.0 = Debug|Any CPU
		{44148389-B17A-4028-8C5C-E73F810EE2B9}.Release|Any CPU.ActiveCfg = Release|Any CPU
		{44148389-B17A-4028-8C5C-E73F810EE2B9}.Release|Any CPU.Build.0 = Release|Any CPU
		{44148389-B17A-4028-8C5C-E73F810EE2B9}.Release|x64.ActiveCfg = Release|Any CPU
		{44148389-B17A-4028-8C5C-E73F810EE2B9}.Release|x64.Build.0 = Release|Any CPU
		{44148389-B17A-4028-8C5C-E73F810EE2B9}.Release|x86.ActiveCfg = Release|Any CPU
		{44148389-B17A-4028-8C5C-E73F810EE2B9}.Release|x86.Build.0 = Release|Any CPU
		{8FF1F6ED-5F35-4921-8ADF-6F8712BAA815}.Debug|Any CPU.ActiveCfg = Debug|Any CPU
		{8FF1F6ED-5F35-4921-8ADF-6F8712BAA815}.Debug|Any CPU.Build.0 = Debug|Any CPU
		{8FF1F6ED-5F35-4921-8ADF-6F8712BAA815}.Debug|x64.ActiveCfg = Debug|Any CPU
		{8FF1F6ED-5F35-4921-8ADF-6F8712BAA815}.Debug|x64.Build.0 = Debug|Any CPU
		{8FF1F6ED-5F35-4921-8ADF-6F8712BAA815}.Debug|x86.ActiveCfg = Debug|Any CPU
		{8FF1F6ED-5F35-4921-8ADF-6F8712BAA815}.Debug|x86.Build.0 = Debug|Any CPU
		{8FF1F6ED-5F35-4921-8ADF-6F8712BAA815}.Release|Any CPU.ActiveCfg = Release|Any CPU
		{8FF1F6ED-5F35-4921-8ADF-6F8712BAA815}.Release|Any CPU.Build.0 = Release|Any CPU
		{8FF1F6ED-5F35-4921-8ADF-6F8712BAA815}.Release|x64.ActiveCfg = Release|Any CPU
		{8FF1F6ED-5F35-4921-8ADF-6F8712BAA815}.Release|x64.Build.0 = Release|Any CPU
		{8FF1F6ED-5F35-4921-8ADF-6F8712BAA815}.Release|x86.ActiveCfg = Release|Any CPU
		{8FF1F6ED-5F35-4921-8ADF-6F8712BAA815}.Release|x86.Build.0 = Release|Any CPU
	EndGlobalSection
EndGlobal
